
Microsoft Visual Studio Solution File, Format Version 12.00
# Visual Studio 15
VisualStudioVersion = 15.0.27004.2006
MinimumVisualStudioVersion = 10.0.40219.1
Project("{9A19103F-16F7-4668-BE54-9A1E7A4F7556}") = "P01_HarvestingFields", "P01_HarvestingFields\P01_HarvestingFields.csproj", "{EA72EC8E-674F-4178-8CC5-7239A36423A7}"
EndProject
Project("{9A19103F-16F7-4668-BE54-9A1E7A4F7556}") = "P02_BlackBoxInteger", "P02_BlackBoxInteger\P02_BlackBoxInteger.csproj", "{3E684A9E-7906-4E27-A98D-1FC6BF5C842F}"
EndProject
Project("{9A19103F-16F7-4668-BE54-9A1E7A4F7556}") = "P03_BarraksWars", "P03_BarraksWars\P03_BarraksWars\P03_BarraksWars.csproj", "{7BBB628E-CB40-4913-BFF5-37D6A8837CE5}"
EndProject
Project("{FAE04EC0-301F-11D3-BF4B-00C04F79EFBC}") = "P04_TrafficLights", "P04_TrafficLights\P04_TrafficLights.csproj", "{24139423-E6BE-44E6-9C34-E44EE3BC356A}"
EndProject
Global
	GlobalSection(SolutionConfigurationPlatforms) = preSolution
		Debug|Any CPU = Debug|Any CPU
		Release|Any CPU = Release|Any CPU
	EndGlobalSection
	GlobalSection(ProjectConfigurationPlatforms) = postSolution
		{EA72EC8E-674F-4178-8CC5-7239A36423A7}.Debug|Any CPU.ActiveCfg = Debug|Any CPU
		{EA72EC8E-674F-4178-8CC5-7239A36423A7}.Debug|Any CPU.Build.0 = Debug|Any CPU
		{EA72EC8E-674F-4178-8CC5-7239A36423A7}.Release|Any CPU.ActiveCfg = Release|Any CPU
		{EA72EC8E-674F-4178-8CC5-7239A36423A7}.Release|Any CPU.Build.0 = Release|Any CPU
		{3E684A9E-7906-4E27-A98D-1FC6BF5C842F}.Debug|Any CPU.ActiveCfg = Debug|Any CPU
		{3E684A9E-7906-4E27-A98D-1FC6BF5C842F}.Debug|Any CPU.Build.0 = Debug|Any CPU
		{3E684A9E-7906-4E27-A98D-1FC6BF5C842F}.Release|Any CPU.ActiveCfg = Release|Any CPU
		{3E684A9E-7906-4E27-A98D-1FC6BF5C842F}.Release|Any CPU.Build.0 = Release|Any CPU
		{7BBB628E-CB40-4913-BFF5-37D6A8837CE5}.Debug|Any CPU.ActiveCfg = Debug|Any CPU
		{7BBB628E-CB40-4913-BFF5-37D6A8837CE5}.Debug|Any CPU.Build.0 = Debug|Any CPU
		{7BBB628E-CB40-4913-BFF5-37D6A8837CE5}.Release|Any CPU.ActiveCfg = Release|Any CPU
		{7BBB628E-CB40-4913-BFF5-37D6A8837CE5}.Release|Any CPU.Build.0 = Release|Any CPU
		{24139423-E6BE-44E6-9C34-E44EE3BC356A}.Debug|Any CPU.ActiveCfg = Debug|Any CPU
		{24139423-E6BE-44E6-9C34-E44EE3BC356A}.Debug|Any CPU.Build.0 = Debug|Any CPU
		{24139423-E6BE-44E6-9C34-E44EE3BC356A}.Release|Any CPU.ActiveCfg = Release|Any CPU
		{24139423-E6BE-44E6-9C34-E44EE3BC356A}.Release|Any CPU.Build.0 = Release|Any CPU
	EndGlobalSection
	GlobalSection(SolutionProperties) = preSolution
		HideSolutionNode = FALSE
	EndGlobalSection
	GlobalSection(ExtensibilityGlobals) = postSolution
		SolutionGuid = {1C43DA2C-DF74-4913-9509-35716D2F1840}
	EndGlobalSection
EndGlobal
